
Microsoft Visual Studio Solution File, Format Version 12.00
# Visual Studio 14
VisualStudioVersion = 14.0.25420.1
MinimumVisualStudioVersion = 10.0.40219.1
Project("{FAE04EC0-301F-11D3-BF4B-00C04F79EFBC}") = "WPFPowerShell1", "WPFPowerShell1\WPFPowerShell1.csproj", "{59FA496E-B14F-4AD1-8BB7-3E5AA82506CB}"
EndProject
Global
	GlobalSection(SolutionConfigurationPlatforms) = preSolution
		Debug|Any CPU = Debug|Any CPU
		Release|Any CPU = Release|Any CPU
	EndGlobalSection
	GlobalSection(ProjectConfigurationPlatforms) = postSolution
		{59FA496E-B14F-4AD1-8BB7-3E5AA82506CB}.Debug|Any CPU.ActiveCfg = Debug|Any CPU
		{59FA496E-B14F-4AD1-8BB7-3E5AA82506CB}.Debug|Any CPU.Build.0 = Debug|Any CPU
		{59FA496E-B14F-4AD1-8BB7-3E5AA82506CB}.Release|Any CPU.ActiveCfg = Release|Any CPU
		{59FA496E-B14F-4AD1-8BB7-3E5AA82506CB}.Release|Any CPU.Build.0 = Release|Any CPU
	EndGlobalSection
	GlobalSection(SolutionProperties) = preSolution
		HideSolutionNode = FALSE
	EndGlobalSection
EndGlobal
